
Microsoft Visual Studio Solution File, Format Version 12.00
# Visual Studio Version 17
VisualStudioVersion = 17.0.31903.59
MinimumVisualStudioVersion = 10.0.40219.1
Project("{9A19103F-16F7-4668-BE54-9A1E7A4F7556}") = "ERP_Store.Application", "ERP_Store.Application\ERP_Store.Application.csproj", "{1C92E8D4-8AFC-4AE7-80E4-5C1F5A0DABFE}"
EndProject
Project("{9A19103F-16F7-4668-BE54-9A1E7A4F7556}") = "ERP_Store.CrossCutting", "ERP_Store.CrossCutting\ERP_Store.CrossCutting.csproj", "{1BCECEFE-6E57-4084-94CF-0A277E64399A}"
EndProject
Project("{9A19103F-16F7-4668-BE54-9A1E7A4F7556}") = "ERP_Store.Domain", "ERP_Store.Domain\ERP_Store.Domain.csproj", "{8D011C27-C688-4A67-9F31-2D3A03930D1F}"
EndProject
Project("{9A19103F-16F7-4668-BE54-9A1E7A4F7556}") = "ERP_Store.Infra", "ERP_Store.Infra\ERP_Store.Infra.csproj", "{89505EAE-23D9-4572-8ABD-96345AAF1038}"
EndProject
Project("{FAE04EC0-301F-11D3-BF4B-00C04F79EFBC}") = "ERP_Store.Api", "ERP_Store.Api\ERP_Store.Api.csproj", "{9FB2B185-BE22-4616-8A2B-818C35900A08}"
EndProject
Global
	GlobalSection(SolutionConfigurationPlatforms) = preSolution
		Debug|Any CPU = Debug|Any CPU
		Release|Any CPU = Release|Any CPU
	EndGlobalSection
	GlobalSection(ProjectConfigurationPlatforms) = postSolution
		{1C92E8D4-8AFC-4AE7-80E4-5C1F5A0DABFE}.Debug|Any CPU.ActiveCfg = Debug|Any CPU
		{1C92E8D4-8AFC-4AE7-80E4-5C1F5A0DABFE}.Debug|Any CPU.Build.0 = Debug|Any CPU
		{1C92E8D4-8AFC-4AE7-80E4-5C1F5A0DABFE}.Release|Any CPU.ActiveCfg = Release|Any CPU
		{1C92E8D4-8AFC-4AE7-80E4-5C1F5A0DABFE}.Release|Any CPU.Build.0 = Release|Any CPU
		{1BCECEFE-6E57-4084-94CF-0A277E64399A}.Debug|Any CPU.ActiveCfg = Debug|Any CPU
		{1BCECEFE-6E57-4084-94CF-0A277E64399A}.Debug|Any CPU.Build.0 = Debug|Any CPU
		{1BCECEFE-6E57-4084-94CF-0A277E64399A}.Release|Any CPU.ActiveCfg = Release|Any CPU
		{1BCECEFE-6E57-4084-94CF-0A277E64399A}.Release|Any CPU.Build.0 = Release|Any CPU
		{8D011C27-C688-4A67-9F31-2D3A03930D1F}.Debug|Any CPU.ActiveCfg = Debug|Any CPU
		{8D011C27-C688-4A67-9F31-2D3A03930D1F}.Debug|Any CPU.Build.0 = Debug|Any CPU
		{8D011C27-C688-4A67-9F31-2D3A03930D1F}.Release|Any CPU.ActiveCfg = Release|Any CPU
		{8D011C27-C688-4A67-9F31-2D3A03930D1F}.Release|Any CPU.Build.0 = Release|Any CPU
		{89505EAE-23D9-4572-8ABD-96345AAF1038}.Debug|Any CPU.ActiveCfg = Debug|Any CPU
		{89505EAE-23D9-4572-8ABD-96345AAF1038}.Debug|Any CPU.Build.0 = Debug|Any CPU
		{89505EAE-23D9-4572-8ABD-96345AAF1038}.Release|Any CPU.ActiveCfg = Release|Any CPU
		{89505EAE-23D9-4572-8ABD-96345AAF1038}.Release|Any CPU.Build.0 = Release|Any CPU
		{9FB2B185-BE22-4616-8A2B-818C35900A08}.Debug|Any CPU.ActiveCfg = Debug|Any CPU
		{9FB2B185-BE22-4616-8A2B-818C35900A08}.Debug|Any CPU.Build.0 = Debug|Any CPU
		{9FB2B185-BE22-4616-8A2B-818C35900A08}.Release|Any CPU.ActiveCfg = Release|Any CPU
		{9FB2B185-BE22-4616-8A2B-818C35900A08}.Release|Any CPU.Build.0 = Release|Any CPU
	EndGlobalSection
	GlobalSection(SolutionProperties) = preSolution
		HideSolutionNode = FALSE
	EndGlobalSection
	GlobalSection(ExtensibilityGlobals) = postSolution
		SolutionGuid = {E38AA705-750E-450C-80DB-9D6D1D5FB44C}
	EndGlobalSection
EndGlobal
